// !$*UTF8*$!
{
	archiveVersion = 1;
	classes = {
	};
	objectVersion = 46;
	objects = {

/* Begin PBXBuildFile section */
		F9477F0C1CF6BED6008D5A3C /* ThirdViewController.m in Sources */ = {isa = PBXBuildFile; fileRef = F9477F0B1CF6BED6008D5A3C /* ThirdViewController.m */; };
		F9477F141CF73DF2008D5A3C /* PresentAnimator.m in Sources */ = {isa = PBXBuildFile; fileRef = F9477F0F1CF73DF2008D5A3C /* PresentAnimator.m */; };
		F9477F151CF73DF2008D5A3C /* UIViewController+CustomPresentTransition.m in Sources */ = {isa = PBXBuildFile; fileRef = F9477F111CF73DF2008D5A3C /* UIViewController+CustomPresentTransition.m */; };
		F9477F161CF73DF2008D5A3C /* UIViewController+Drawer.m in Sources */ = {isa = PBXBuildFile; fileRef = F9477F131CF73DF2008D5A3C /* UIViewController+Drawer.m */; };
		F99C1FD21CF18B5100677014 /* main.m in Sources */ = {isa = PBXBuildFile; fileRef = F99C1FD11CF18B5100677014 /* main.m */; };
		F99C1FD51CF18B5100677014 /* AppDelegate.m in Sources */ = {isa = PBXBuildFile; fileRef = F99C1FD41CF18B5100677014 /* AppDelegate.m */; };
		F99C1FDB1CF18B5100677014 /* Main.storyboard in Resources */ = {isa = PBXBuildFile; fileRef = F99C1FD91CF18B5100677014 /* Main.storyboard */; };
		F99C1FDD1CF18B5100677014 /* Assets.xcassets in Resources */ = {isa = PBXBuildFile; fileRef = F99C1FDC1CF18B5100677014 /* Assets.xcassets */; };
		F99C1FE01CF18B5100677014 /* LaunchScreen.storyboard in Resources */ = {isa = PBXBuildFile; fileRef = F99C1FDE1CF18B5100677014 /* LaunchScreen.storyboard */; };
		F99C1FEB1CF18B5100677014 /* SimpleSlideViewTests.m in Sources */ = {isa = PBXBuildFile; fileRef = F99C1FEA1CF18B5100677014 /* SimpleSlideViewTests.m */; };
		F99C1FF61CF18B5100677014 /* SimpleSlideViewUITests.m in Sources */ = {isa = PBXBuildFile; fileRef = F99C1FF51CF18B5100677014 /* SimpleSlideViewUITests.m */; };
		F99C20051CF18BBA00677014 /* FirstViewController.m in Sources */ = {isa = PBXBuildFile; fileRef = F99C20041CF18BBA00677014 /* FirstViewController.m */; };
		F99C20081CF18BC300677014 /* SecondViewController.m in Sources */ = {isa = PBXBuildFile; fileRef = F99C20071CF18BC300677014 /* SecondViewController.m */; };
/* End PBXBuildFile section */

/* Begin PBXContainerItemProxy section */
		F99C1FE71CF18B5100677014 /* PBXContainerItemProxy */ = {
			isa = PBXContainerItemProxy;
			containerPortal = F99C1FC51CF18B5100677014 /* Project object */;
			proxyType = 1;
			remoteGlobalIDString = F99C1FCC1CF18B5100677014;
			remoteInfo = SimpleSlideView;
		};
		F99C1FF21CF18B5100677014 /* PBXContainerItemProxy */ = {
			isa = PBXContainerItemProxy;
			containerPortal = F99C1FC51CF18B5100677014 /* Project object */;
			proxyType = 1;
			remoteGlobalIDString = F99C1FCC1CF18B5100677014;
			remoteInfo = SimpleSlideView;
		};
/* End PBXContainerItemProxy section */

/* Begin PBXFileReference section */
		F9477F0A1CF6BED6008D5A3C /* ThirdViewController.h */ = {isa = PBXFileReference; fileEncoding = 4; lastKnownFileType = sourcecode.c.h; path = ThirdViewController.h; sourceTree = "<group>"; };
		F9477F0B1CF6BED6008D5A3C /* ThirdViewController.m */ = {isa = PBXFileReference; fileEncoding = 4; lastKnownFileType = sourcecode.c.objc; path = ThirdViewController.m; sourceTree = "<group>"; };
		F9477F0E1CF73DF2008D5A3C /* PresentAnimator.h */ = {isa = PBXFileReference; fileEncoding = 4; lastKnownFileType = sourcecode.c.h; path = PresentAnimator.h; sourceTree = "<group>"; };
		F9477F0F1CF73DF2008D5A3C /* PresentAnimator.m */ = {isa = PBXFileReference; fileEncoding = 4; lastKnownFileType = sourcecode.c.objc; path = PresentAnimator.m; sourceTree = "<group>"; };
		F9477F101CF73DF2008D5A3C /* UIViewController+CustomPresentTransition.h */ = {isa = PBXFileReference; fileEncoding = 4; lastKnownFileType = sourcecode.c.h; path = "UIViewController+CustomPresentTransition.h"; sourceTree = "<group>"; };
		F9477F111CF73DF2008D5A3C /* UIViewController+CustomPresentTransition.m */ = {isa = PBXFileReference; fileEncoding = 4; lastKnownFileType = sourcecode.c.objc; path = "UIViewController+CustomPresentTransition.m"; sourceTree = "<group>"; };
		F9477F121CF73DF2008D5A3C /* UIViewController+Drawer.h */ = {isa = PBXFileReference; fileEncoding = 4; lastKnownFileType = sourcecode.c.h; path = "UIViewController+Drawer.h"; sourceTree = "<group>"; };
		F9477F131CF73DF2008D5A3C /* UIViewController+Drawer.m */ = {isa = PBXFileReference; fileEncoding = 4; lastKnownFileType = sourcecode.c.objc; path = "UIViewController+Drawer.m"; sourceTree = "<group>"; };
		F99C1FCD1CF18B5100677014 /* SimpleSlideView.app */ = {isa = PBXFileReference; explicitFileType = wrapper.application; includeInIndex = 0; path = SimpleSlideView.app; sourceTree = BUILT_PRODUCTS_DIR; };
		F99C1FD11CF18B5100677014 /* main.m */ = {isa = PBXFileReference; lastKnownFileType = sourcecode.c.objc; path = main.m; sourceTree = "<group>"; };
		F99C1FD31CF18B5100677014 /* AppDelegate.h */ = {isa = PBXFileReference; lastKnownFileType = sourcecode.c.h; path = AppDelegate.h; sourceTree = "<group>"; };
		F99C1FD41CF18B5100677014 /* AppDelegate.m */ = {isa = PBXFileReference; lastKnownFileType = sourcecode.c.objc; path = AppDelegate.m; sourceTree = "<group>"; };
		F99C1FDA1CF18B5100677014 /* Base */ = {isa = PBXFileReference; lastKnownFileType = file.storyboard; name = Base; path = Base.lproj/Main.storyboard; sourceTree = "<group>"; };
		F99C1FDC1CF18B5100677014 /* Assets.xcassets */ = {isa = PBXFileReference; lastKnownFileType = folder.assetcatalog; path = Assets.xcassets; sourceTree = "<group>"; };
		F99C1FDF1CF18B5100677014 /* Base */ = {isa = PBXFileReference; lastKnownFileType = file.storyboard; name = Base; path = Base.lproj/LaunchScreen.storyboard; sourceTree = "<group>"; };
		F99C1FE11CF18B5100677014 /* Info.plist */ = {isa = PBXFileReference; lastKnownFileType = text.plist.xml; path = Info.plist; sourceTree = "<group>"; };
		F99C1FE61CF18B5100677014 /* SimpleSlideViewTests.xctest */ = {isa = PBXFileReference; explicitFileType = wrapper.cfbundle; includeInIndex = 0; path = SimpleSlideViewTests.xctest; sourceTree = BUILT_PRODUCTS_DIR; };
		F99C1FEA1CF18B5100677014 /* SimpleSlideViewTests.m */ = {isa = PBXFileReference; lastKnownFileType = sourcecode.c.objc; path = SimpleSlideViewTests.m; sourceTree = "<group>"; };
		F99C1FEC1CF18B5100677014 /* Info.plist */ = {isa = PBXFileReference; lastKnownFileType = text.plist.xml; path = Info.plist; sourceTree = "<group>"; };
		F99C1FF11CF18B5100677014 /* SimpleSlideViewUITests.xctest */ = {isa = PBXFileReference; explicitFileType = wrapper.cfbundle; includeInIndex = 0; path = SimpleSlideViewUITests.xctest; sourceTree = BUILT_PRODUCTS_DIR; };
		F99C1FF51CF18B5100677014 /* SimpleSlideViewUITests.m */ = {isa = PBXFileReference; lastKnownFileType = sourcecode.c.objc; path = SimpleSlideViewUITests.m; sourceTree = "<group>"; };
		F99C1FF71CF18B5100677014 /* Info.plist */ = {isa = PBXFileReference; lastKnownFileType = text.plist.xml; path = Info.plist; sourceTree = "<group>"; };
		F99C20031CF18BBA00677014 /* FirstViewController.h */ = {isa = PBXFileReference; fileEncoding = 4; lastKnownFileType = sourcecode.c.h; path = FirstViewController.h; sourceTree = "<group>"; };
		F99C20041CF18BBA00677014 /* FirstViewController.m */ = {isa = PBXFileReference; fileEncoding = 4; lastKnownFileType = sourcecode.c.objc; path = FirstViewController.m; sourceTree = "<group>"; };
		F99C20061CF18BC300677014 /* SecondViewController.h */ = {isa = PBXFileReference; fileEncoding = 4; lastKnownFileType = sourcecode.c.h; path = SecondViewController.h; sourceTree = "<group>"; };
		F99C20071CF18BC300677014 /* SecondViewController.m */ = {isa = PBXFileReference; fileEncoding = 4; lastKnownFileType = sourcecode.c.objc; path = SecondViewController.m; sourceTree = "<group>"; };
/* End PBXFileReference section */

/* Begin PBXFrameworksBuildPhase section */
		F99C1FCA1CF18B5100677014 /* Frameworks */ = {
			isa = PBXFrameworksBuildPhase;
			buildActionMask = 2147483647;
			files = (
			);
			runOnlyForDeploymentPostprocessing = 0;
		};
		F99C1FE31CF18B5100677014 /* Frameworks */ = {
			isa = PBXFrameworksBuildPhase;
			buildActionMask = 2147483647;
			files = (
			);
			runOnlyForDeploymentPostprocessing = 0;
		};
		F99C1FEE1CF18B5100677014 /* Frameworks */ = {
			isa = PBXFrameworksBuildPhase;
			buildActionMask = 2147483647;
			files = (
			);
			runOnlyForDeploymentPostprocessing = 0;
		};
/* End PBXFrameworksBuildPhase section */

/* Begin PBXGroup section */
		F9477F0D1CF73DF2008D5A3C /* WYYSimpleDrawerViewController */ = {
			isa = PBXGroup;
			children = (
				F9477F0E1CF73DF2008D5A3C /* PresentAnimator.h */,
				F9477F0F1CF73DF2008D5A3C /* PresentAnimator.m */,
				F9477F101CF73DF2008D5A3C /* UIViewController+CustomPresentTransition.h */,
				F9477F111CF73DF2008D5A3C /* UIViewController+CustomPresentTransition.m */,
				F9477F121CF73DF2008D5A3C /* UIViewController+Drawer.h */,
				F9477F131CF73DF2008D5A3C /* UIViewController+Drawer.m */,
			);
			path = WYYSimpleDrawerViewController;
			sourceTree = "<group>";
		};
		F99C1FC41CF18B5100677014 = {
			isa = PBXGroup;
			children = (
				F99C1FCF1CF18B5100677014 /* SimpleSlideView */,
				F99C1FE91CF18B5100677014 /* SimpleSlideViewTests */,
				F99C1FF41CF18B5100677014 /* SimpleSlideViewUITests */,
				F99C1FCE1CF18B5100677014 /* Products */,
			);
			sourceTree = "<group>";
		};
		F99C1FCE1CF18B5100677014 /* Products */ = {
			isa = PBXGroup;
			children = (
				F99C1FCD1CF18B5100677014 /* SimpleSlideView.app */,
				F99C1FE61CF18B5100677014 /* SimpleSlideViewTests.xctest */,
				F99C1FF11CF18B5100677014 /* SimpleSlideViewUITests.xctest */,
			);
			name = Products;
			sourceTree = "<group>";
		};
		F99C1FCF1CF18B5100677014 /* SimpleSlideView */ = {
			isa = PBXGroup;
			children = (
				F9477F0D1CF73DF2008D5A3C /* WYYSimpleDrawerViewController */,
				F99C1FD31CF18B5100677014 /* AppDelegate.h */,
				F99C1FD41CF18B5100677014 /* AppDelegate.m */,
				F99C20031CF18BBA00677014 /* FirstViewController.h */,
				F99C20041CF18BBA00677014 /* FirstViewController.m */,
				F99C20061CF18BC300677014 /* SecondViewController.h */,
				F99C20071CF18BC300677014 /* SecondViewController.m */,
				F9477F0A1CF6BED6008D5A3C /* ThirdViewController.h */,
				F9477F0B1CF6BED6008D5A3C /* ThirdViewController.m */,
				F99C1FD91CF18B5100677014 /* Main.storyboard */,
				F99C1FDC1CF18B5100677014 /* Assets.xcassets */,
				F99C1FDE1CF18B5100677014 /* LaunchScreen.storyboard */,
				F99C1FE11CF18B5100677014 /* Info.plist */,
				F99C1FD01CF18B5100677014 /* Supporting Files */,
			);
			path = SimpleSlideView;
			sourceTree = "<group>";
		};
		F99C1FD01CF18B5100677014 /* Supporting Files */ = {
			isa = PBXGroup;
			children = (
				F99C1FD11CF18B5100677014 /* main.m */,
			);
			name = "Supporting Files";
			sourceTree = "<group>";
		};
		F99C1FE91CF18B5100677014 /* SimpleSlideViewTests */ = {
			isa = PBXGroup;
			children = (
				F99C1FEA1CF18B5100677014 /* SimpleSlideViewTests.m */,
				F99C1FEC1CF18B5100677014 /* Info.plist */,
			);
			path = SimpleSlideViewTests;
			sourceTree = "<group>";
		};
		F99C1FF41CF18B5100677014 /* SimpleSlideViewUITests */ = {
			isa = PBXGroup;
			children = (
				F99C1FF51CF18B5100677014 /* SimpleSlideViewUITests.m */,
				F99C1FF71CF18B5100677014 /* Info.plist */,
			);
			path = SimpleSlideViewUITests;
			sourceTree = "<group>";
		};
/* End PBXGroup section */

/* Begin PBXNativeTarget section */
		F99C1FCC1CF18B5100677014 /* SimpleSlideView */ = {
			isa = PBXNativeTarget;
			buildConfigurationList = F99C1FFA1CF18B5100677014 /* Build configuration list for PBXNativeTarget "SimpleSlideView" */;
			buildPhases = (
				F99C1FC91CF18B5100677014 /* Sources */,
				F99C1FCA1CF18B5100677014 /* Frameworks */,
				F99C1FCB1CF18B5100677014 /* Resources */,
			);
			buildRules = (
			);
			dependencies = (
			);
			name = SimpleSlideView;
			productName = SimpleSlideView;
			productReference = F99C1FCD1CF18B5100677014 /* SimpleSlideView.app */;
			productType = "com.apple.product-type.application";
		};
		F99C1FE51CF18B5100677014 /* SimpleSlideViewTests */ = {
			isa = PBXNativeTarget;
			buildConfigurationList = F99C1FFD1CF18B5100677014 /* Build configuration list for PBXNativeTarget "SimpleSlideViewTests" */;
			buildPhases = (
				F99C1FE21CF18B5100677014 /* Sources */,
				F99C1FE31CF18B5100677014 /* Frameworks */,
				F99C1FE41CF18B5100677014 /* Resources */,
			);
			buildRules = (
			);
			dependencies = (
				F99C1FE81CF18B5100677014 /* PBXTargetDependency */,
			);
			name = SimpleSlideViewTests;
			productName = SimpleSlideViewTests;
			productReference = F99C1FE61CF18B5100677014 /* SimpleSlideViewTests.xctest */;
			productType = "com.apple.product-type.bundle.unit-test";
		};
		F99C1FF01CF18B5100677014 /* SimpleSlideViewUITests */ = {
			isa = PBXNativeTarget;
			buildConfigurationList = F99C20001CF18B5100677014 /* Build configuration list for PBXNativeTarget "SimpleSlideViewUITests" */;
			buildPhases = (
				F99C1FED1CF18B5100677014 /* Sources */,
				F99C1FEE1CF18B5100677014 /* Frameworks */,
				F99C1FEF1CF18B5100677014 /* Resources */,
			);
			buildRules = (
			);
			dependencies = (
				F99C1FF31CF18B5100677014 /* PBXTargetDependency */,
			);
			name = SimpleSlideViewUITests;
			productName = SimpleSlideViewUITests;
			productReference = F99C1FF11CF18B5100677014 /* SimpleSlideViewUITests.xctest */;
			productType = "com.apple.product-type.bundle.ui-testing";
		};
/* End PBXNativeTarget section */

/* Begin PBXProject section */
		F99C1FC51CF18B5100677014 /* Project object */ = {
			isa = PBXProject;
			attributes = {
				LastUpgradeCheck = 0730;
				ORGANIZATIONNAME = YYYeung;
				TargetAttributes = {
					F99C1FCC1CF18B5100677014 = {
						CreatedOnToolsVersion = 7.3.1;
					};
					F99C1FE51CF18B5100677014 = {
						CreatedOnToolsVersion = 7.3.1;
						TestTargetID = F99C1FCC1CF18B5100677014;
					};
					F99C1FF01CF18B5100677014 = {
						CreatedOnToolsVersion = 7.3.1;
						TestTargetID = F99C1FCC1CF18B5100677014;
					};
				};
			};
			buildConfigurationList = F99C1FC81CF18B5100677014 /* Build configuration list for PBXProject "SimpleSlideView" */;
			compatibilityVersion = "Xcode 3.2";
			developmentRegion = English;
			hasScannedForEncodings = 0;
			knownRegions = (
				en,
				Base,
			);
			mainGroup = F99C1FC41CF18B5100677014;
			productRefGroup = F99C1FCE1CF18B5100677014 /* Products */;
			projectDirPath = "";
			projectRoot = "";
			targets = (
				F99C1FCC1CF18B5100677014 /* SimpleSlideView */,
				F99C1FE51CF18B5100677014 /* SimpleSlideViewTests */,
				F99C1FF01CF18B5100677014 /* SimpleSlideViewUITests */,
			);
		};
/* End PBXProject section */

/* Begin PBXResourcesBuildPhase section */
		F99C1FCB1CF18B5100677014 /* Resources */ = {
			isa = PBXResourcesBuildPhase;
			buildActionMask = 2147483647;
			files = (
				F99C1FE01CF18B5100677014 /* LaunchScreen.storyboard in Resources */,
				F99C1FDD1CF18B5100677014 /* Assets.xcassets in Resources */,
				F99C1FDB1CF18B5100677014 /* Main.storyboard in Resources */,
			);
			runOnlyForDeploymentPostprocessing = 0;
		};
		F99C1FE41CF18B5100677014 /* Resources */ = {
			isa = PBXResourcesBuildPhase;
			buildActionMask = 2147483647;
			files = (
			);
			runOnlyForDeploymentPostprocessing = 0;
		};
		F99C1FEF1CF18B5100677014 /* Resources */ = {
			isa = PBXResourcesBuildPhase;
			buildActionMask = 2147483647;
			files = (
			);
			runOnlyForDeploymentPostprocessing = 0;
		};
/* End PBXResourcesBuildPhase section */

/* Begin PBXSourcesBuildPhase section */
		F99C1FC91CF18B5100677014 /* Sources */ = {
			isa = PBXSourcesBuildPhase;
			buildActionMask = 2147483647;
			files = (
				F9477F141CF73DF2008D5A3C /* PresentAnimator.m in Sources */,
				F9477F161CF73DF2008D5A3C /* UIViewController+Drawer.m in Sources */,
				F99C20081CF18BC300677014 /* SecondViewController.m in Sources */,
				F9477F0C1CF6BED6008D5A3C /* ThirdViewController.m in Sources */,
				F99C1FD51CF18B5100677014 /* AppDelegate.m in Sources */,
				F99C20051CF18BBA00677014 /* FirstViewController.m in Sources */,
				F99C1FD21CF18B5100677014 /* main.m in Sources */,
				F9477F151CF73DF2008D5A3C /* UIViewController+CustomPresentTransition.m in Sources */,
			);
			runOnlyForDeploymentPostprocessing = 0;
		};
		F99C1FE21CF18B5100677014 /* Sources */ = {
			isa = PBXSourcesBuildPhase;
			buildActionMask = 2147483647;
			files = (
				F99C1FEB1CF18B5100677014 /* SimpleSlideViewTests.m in Sources */,
			);
			runOnlyForDeploymentPostprocessing = 0;
		};
		F99C1FED1CF18B5100677014 /* Sources */ = {
			isa = PBXSourcesBuildPhase;
			buildActionMask = 2147483647;
			files = (
				F99C1FF61CF18B5100677014 /* SimpleSlideViewUITests.m in Sources */,
			);
			runOnlyForDeploymentPostprocessing = 0;
		};
/* End PBXSourcesBuildPhase section */

/* Begin PBXTargetDependency section */
		F99C1FE81CF18B5100677014 /* PBXTargetDependency */ = {
			isa = PBXTargetDependency;
			target = F99C1FCC1CF18B5100677014 /* SimpleSlideView */;
			targetProxy = F99C1FE71CF18B5100677014 /* PBXContainerItemProxy */;
		};
		F99C1FF31CF18B5100677014 /* PBXTargetDependency */ = {
			isa = PBXTargetDependency;
			target = F99C1FCC1CF18B5100677014 /* SimpleSlideView */;
			targetProxy = F99C1FF21CF18B5100677014 /* PBXContainerItemProxy */;
		};
/* End PBXTargetDependency section */

/* Begin PBXVariantGroup section */
		F99C1FD91CF18B5100677014 /* Main.storyboard */ = {
			isa = PBXVariantGroup;
			children = (
				F99C1FDA1CF18B5100677014 /* Base */,
			);
			name = Main.storyboard;
			sourceTree = "<group>";
		};
		F99C1FDE1CF18B5100677014 /* LaunchScreen.storyboard */ = {
			isa = PBXVariantGroup;
			children = (
				F99C1FDF1CF18B5100677014 /* Base */,
			);
			name = LaunchScreen.storyboard;
			sourceTree = "<group>";
		};
/* End PBXVariantGroup section */

/* Begin XCBuildConfiguration section */
		F99C1FF81CF18B5100677014 /* Debug */ = {
			isa = XCBuildConfiguration;
			buildSettings = {
				ALWAYS_SEARCH_USER_PATHS = NO;
				CLANG_ANALYZER_NONNULL = YES;
				CLANG_CXX_LANGUAGE_STANDARD = "gnu++0x";
				CLANG_CXX_LIBRARY = "libc++";
				CLANG_ENABLE_MODULES = YES;
				CLANG_ENABLE_OBJC_ARC = YES;
				CLANG_WARN_BOOL_CONVERSION = YES;
				CLANG_WARN_CONSTANT_CONVERSION = YES;
				CLANG_WARN_DIRECT_OBJC_ISA_USAGE = YES_ERROR;
				CLANG_WARN_EMPTY_BODY = YES;
				CLANG_WARN_ENUM_CONVERSION = YES;
				CLANG_WARN_INT_CONVERSION = YES;
				CLANG_WARN_OBJC_ROOT_CLASS = YES_ERROR;
				CLANG_WARN_UNREACHABLE_CODE = YES;
				CLANG_WARN__DUPLICATE_METHOD_MATCH = YES;
				"CODE_SIGN_IDENTITY[sdk=iphoneos*]" = "iPhone Developer";
				COPY_PHASE_STRIP = NO;
				DEBUG_INFORMATION_FORMAT = dwarf;
				ENABLE_STRICT_OBJC_MSGSEND = YES;
				ENABLE_TESTABILITY = YES;
				GCC_C_LANGUAGE_STANDARD = gnu99;
				GCC_DYNAMIC_NO_PIC = NO;
				GCC_NO_COMMON_BLOCKS = YES;
				GCC_OPTIMIZATION_LEVEL = 0;
				GCC_PREPROCESSOR_DEFINITIONS = (
					"DEBUG=1",
					"$(inherited)",
				);
				GCC_WARN_64_TO_32_BIT_CONVERSION = YES;
				GCC_WARN_ABOUT_RETURN_TYPE = YES_ERROR;
				GCC_WARN_UNDECLARED_SELECTOR = YES;
				GCC_WARN_UNINITIALIZED_AUTOS = YES_AGGRESSIVE;
				GCC_WARN_UNUSED_FUNCTION = YES;
				GCC_WARN_UNUSED_VARIABLE = YES;
				IPHONEOS_DEPLOYMENT_TARGET = 9.3;
				MTL_ENABLE_DEBUG_INFO = YES;
				ONLY_ACTIVE_ARCH = YES;
				SDKROOT = iphoneos;
			};
			name = Debug;
		};
		F99C1FF91CF18B5100677014 /* Release */ = {
			isa = XCBuildConfiguration;
			buildSettings = {
				ALWAYS_SEARCH_USER_PATHS = NO;
				CLANG_ANALYZER_NONNULL = YES;
				CLANG_CXX_LANGUAGE_STANDARD = "gnu++0x";
				CLANG_CXX_LIBRARY = "libc++";
				CLANG_ENABLE_MODULES = YES;
				CLANG_ENABLE_OBJC_ARC = YES;
				CLANG_WARN_BOOL_CONVERSION = YES;
				CLANG_WARN_CONSTANT_CONVERSION = YES;
				CLANG_WARN_DIRECT_OBJC_ISA_USAGE = YES_ERROR;
				CLANG_WARN_EMPTY_BODY = YES;
				CLANG_WARN_ENUM_CONVERSION = YES;
				CLANG_WARN_INT_CONVERSION = YES;
				CLANG_WARN_OBJC_ROOT_CLASS = YES_ERROR;
				CLANG_WARN_UNREACHABLE_CODE = YES;
				CLANG_WARN__DUPLICATE_METHOD_MATCH = YES;
				"CODE_SIGN_IDENTITY[sdk=iphoneos*]" = "iPhone Developer";
				COPY_PHASE_STRIP = NO;
				DEBUG_INFORMATION_FORMAT = "dwarf-with-dsym";
				ENABLE_NS_ASSERTIONS = NO;
				ENABLE_STRICT_OBJC_MSGSEND = YES;
				GCC_C_LANGUAGE_STANDARD = gnu99;
				GCC_NO_COMMON_BLOCKS = YES;
				GCC_WARN_64_TO_32_BIT_CONVERSION = YES;
				GCC_WARN_ABOUT_RETURN_TYPE = YES_ERROR;
				GCC_WARN_UNDECLARED_SELECTOR = YES;
				GCC_WARN_UNINITIALIZED_AUTOS = YES_AGGRESSIVE;
				GCC_WARN_UNUSED_FUNCTION = YES;
				GCC_WARN_UNUSED_VARIABLE = YES;
				IPHONEOS_DEPLOYMENT_TARGET = 9.3;
				MTL_ENABLE_DEBUG_INFO = NO;
				SDKROOT = iphoneos;
				VALIDATE_PRODUCT = YES;
			};
			name = Release;
		};
		F99C1FFB1CF18B5100677014 /* Debug */ = {
			isa = XCBuildConfiguration;
			buildSettings = {
				ASSETCATALOG_COMPILER_APPICON_NAME = AppIcon;
				INFOPLIST_FILE = SimpleSlideView/Info.plist;
				LD_RUNPATH_SEARCH_PATHS = "$(inherited) @executable_path/Frameworks";
				PRODUCT_BUNDLE_IDENTIFIER = wenyongyang.SimpleSlideView;
				PRODUCT_NAME = "$(TARGET_NAME)";
			};
			name = Debug;
		};
		F99C1FFC1CF18B5100677014 /* Release */ = {
			isa = XCBuildConfiguration;
			buildSettings = {
				ASSETCATALOG_COMPILER_APPICON_NAME = AppIcon;
				INFOPLIST_FILE = SimpleSlideView/Info.plist;
				LD_RUNPATH_SEARCH_PATHS = "$(inherited) @executable_path/Frameworks";
				PRODUCT_BUNDLE_IDENTIFIER = wenyongyang.SimpleSlideView;
				PRODUCT_NAME = "$(TARGET_NAME)";
			};
			name = Release;
		};
		F99C1FFE1CF18B5100677014 /* Debug */ = {
			isa = XCBuildConfiguration;
			buildSettings = {
				BUNDLE_LOADER = "$(TEST_HOST)";
				INFOPLIST_FILE = SimpleSlideViewTests/Info.plist;
				LD_RUNPATH_SEARCH_PATHS = "$(inherited) @executable_path/Frameworks @loader_path/Frameworks";
				PRODUCT_BUNDLE_IDENTIFIER = wenyongyang.SimpleSlideViewTests;
				PRODUCT_NAME = "$(TARGET_NAME)";
				TEST_HOST = "$(BUILT_PRODUCTS_DIR)/SimpleSlideView.app/SimpleSlideView";
			};
			name = Debug;
		};
		F99C1FFF1CF18B5100677014 /* Release */ = {
			isa = XCBuildConfiguration;
			buildSettings = {
				BUNDLE_LOADER = "$(TEST_HOST)";
				INFOPLIST_FILE = SimpleSlideViewTests/Info.plist;
				LD_RUNPATH_SEARCH_PATHS = "$(inherited) @executable_path/Frameworks @loader_path/Frameworks";
				PRODUCT_BUNDLE_IDENTIFIER = wenyongyang.SimpleSlideViewTests;
				PRODUCT_NAME = "$(TARGET_NAME)";
				TEST_HOST = "$(BUILT_PRODUCTS_DIR)/SimpleSlideView.app/SimpleSlideView";
			};
			name = Release;
		};
		F99C20011CF18B5100677014 /* Debug */ = {
			isa = XCBuildConfiguration;
			buildSettings = {
				INFOPLIST_FILE = SimpleSlideViewUITests/Info.plist;
				LD_RUNPATH_SEARCH_PATHS = "$(inherited) @executable_path/Frameworks @loader_path/Frameworks";
				PRODUCT_BUNDLE_IDENTIFIER = wenyongyang.SimpleSlideViewUITests;
				PRODUCT_NAME = "$(TARGET_NAME)";
				TEST_TARGET_NAME = SimpleSlideView;
			};
			name = Debug;
		};
		F99C20021CF18B5100677014 /* Release */ = {
			isa = XCBuildConfiguration;
			buildSettings = {
				INFOPLIST_FILE = SimpleSlideViewUITests/Info.plist;
				LD_RUNPATH_SEARCH_PATHS = "$(inherited) @executable_path/Frameworks @loader_path/Frameworks";
				PRODUCT_BUNDLE_IDENTIFIER = wenyongyang.SimpleSlideViewUITests;
				PRODUCT_NAME = "$(TARGET_NAME)";
				TEST_TARGET_NAME = SimpleSlideView;
			};
			name = Release;
		};
/* End XCBuildConfiguration section */

/* Begin XCConfigurationList section */
		F99C1FC81CF18B5100677014 /* Build configuration list for PBXProject "SimpleSlideView" */ = {
			isa = XCConfigurationList;
			buildConfigurations = (
				F99C1FF81CF18B5100677014 /* Debug */,
				F99C1FF91CF18B5100677014 /* Release */,
			);
			defaultConfigurationIsVisible = 0;
			defaultConfigurationName = Release;
		};
		F99C1FFA1CF18B5100677014 /* Build configuration list for PBXNativeTarget "SimpleSlideView" */ = {
			isa = XCConfigurationList;
			buildConfigurations = (
				F99C1FFB1CF18B5100677014 /* Debug */,
				F99C1FFC1CF18B5100677014 /* Release */,
			);
			defaultConfigurationIsVisible = 0;
			defaultConfigurationName = Release;
		};
		F99C1FFD1CF18B5100677014 /* Build configuration list for PBXNativeTarget "SimpleSlideViewTests" */ = {
			isa = XCConfigurationList;
			buildConfigurations = (
				F99C1FFE1CF18B5100677014 /* Debug */,
				F99C1FFF1CF18B5100677014 /* Release */,
			);
			defaultConfigurationIsVisible = 0;
			defaultConfigurationName = Release;
		};
		F99C20001CF18B5100677014 /* Build configuration list for PBXNativeTarget "SimpleSlideViewUITests" */ = {
			isa = XCConfigurationList;
			buildConfigurations = (
				F99C20011CF18B5100677014 /* Debug */,
				F99C20021CF18B5100677014 /* Release */,
			);
			defaultConfigurationIsVisible = 0;
			defaultConfigurationName = Release;
		};
/* End XCConfigurationList section */
	};
	rootObject = F99C1FC51CF18B5100677014 /* Project object */;
}
